
Microsoft Visual Studio Solution File, Format Version 12.00
# Visual Studio 2012
Project("{FAE04EC0-301F-11D3-BF4B-00C04F79EFBC}") = "ScoringSystemRuizIvyrose", "ScoringSystemRuizIvyrose\ScoringSystemRuizIvyrose.csproj", "{DB42ECEB-FB32-4B19-83F1-D8D075AFFC0C}"
EndProject
Global
	GlobalSection(SolutionConfigurationPlatforms) = preSolution
		Debug|Any CPU = Debug|Any CPU
		Release|Any CPU = Release|Any CPU
	EndGlobalSection
	GlobalSection(ProjectConfigurationPlatforms) = postSolution
		{DB42ECEB-FB32-4B19-83F1-D8D075AFFC0C}.Debug|Any CPU.ActiveCfg = Debug|Any CPU
		{DB42ECEB-FB32-4B19-83F1-D8D075AFFC0C}.Debug|Any CPU.Build.0 = Debug|Any CPU
		{DB42ECEB-FB32-4B19-83F1-D8D075AFFC0C}.Release|Any CPU.ActiveCfg = Release|Any CPU
		{DB42ECEB-FB32-4B19-83F1-D8D075AFFC0C}.Release|Any CPU.Build.0 = Release|Any CPU
	EndGlobalSection
	GlobalSection(SolutionProperties) = preSolution
		HideSolutionNode = FALSE
	EndGlobalSection
EndGlobal
